
Microsoft Visual Studio Solution File, Format Version 12.00
# Visual Studio Version 17
VisualStudioVersion = 17.13.35828.75 d17.13
MinimumVisualStudioVersion = 10.0.40219.1
Project("{FAE04EC0-301F-11D3-BF4B-00C04F79EFBC}") = "250320_GitStudy", "250320_GitStudy.csproj", "{9C747047-1FD9-4F65-ACAB-6430B335BB43}"
EndProject
Global
	GlobalSection(SolutionConfigurationPlatforms) = preSolution
		Debug|Any CPU = Debug|Any CPU
		Release|Any CPU = Release|Any CPU
	EndGlobalSection
	GlobalSection(ProjectConfigurationPlatforms) = postSolution
		{9C747047-1FD9-4F65-ACAB-6430B335BB43}.Debug|Any CPU.ActiveCfg = Debug|Any CPU
		{9C747047-1FD9-4F65-ACAB-6430B335BB43}.Debug|Any CPU.Build.0 = Debug|Any CPU
		{9C747047-1FD9-4F65-ACAB-6430B335BB43}.Release|Any CPU.ActiveCfg = Release|Any CPU
		{9C747047-1FD9-4F65-ACAB-6430B335BB43}.Release|Any CPU.Build.0 = Release|Any CPU
	EndGlobalSection
	GlobalSection(SolutionProperties) = preSolution
		HideSolutionNode = FALSE
	EndGlobalSection
	GlobalSection(ExtensibilityGlobals) = postSolution
		SolutionGuid = {98F8D9EC-23A3-4FB8-963B-7AF11B9B44D1}
	EndGlobalSection
EndGlobal
